
Microsoft Visual Studio Solution File, Format Version 12.00
# Visual Studio Version 16
VisualStudioVersion = 16.0.30703.110
MinimumVisualStudioVersion = 10.0.40219.1
Project("{FAE04EC0-301F-11D3-BF4B-00C04F79EFBC}") = "SalesTaxCalculationEngine", "SalesTaxCalculationEngine\SalesTaxCalculationEngine.csproj", "{8F8D5B23-5A1B-45D0-A1D3-691964FD1657}"
EndProject
Project("{FAE04EC0-301F-11D3-BF4B-00C04F79EFBC}") = "SalesTaxCalculationEngine.Tests", "SalesTaxCalculationEngine.Tests\SalesTaxCalculationEngine.Tests.csproj", "{A5408983-2C93-4EDC-9DA7-EDC4E8A48C1C}"
EndProject
Global
	GlobalSection(SolutionConfigurationPlatforms) = preSolution
		Debug|Any CPU = Debug|Any CPU
		Release|Any CPU = Release|Any CPU
	EndGlobalSection
	GlobalSection(ProjectConfigurationPlatforms) = postSolution
		{8F8D5B23-5A1B-45D0-A1D3-691964FD1657}.Debug|Any CPU.ActiveCfg = Debug|Any CPU
		{8F8D5B23-5A1B-45D0-A1D3-691964FD1657}.Debug|Any CPU.Build.0 = Debug|Any CPU
		{8F8D5B23-5A1B-45D0-A1D3-691964FD1657}.Release|Any CPU.ActiveCfg = Release|Any CPU
		{8F8D5B23-5A1B-45D0-A1D3-691964FD1657}.Release|Any CPU.Build.0 = Release|Any CPU
		{A5408983-2C93-4EDC-9DA7-EDC4E8A48C1C}.Debug|Any CPU.ActiveCfg = Debug|Any CPU
		{A5408983-2C93-4EDC-9DA7-EDC4E8A48C1C}.Debug|Any CPU.Build.0 = Debug|Any CPU
		{A5408983-2C93-4EDC-9DA7-EDC4E8A48C1C}.Release|Any CPU.ActiveCfg = Release|Any CPU
		{A5408983-2C93-4EDC-9DA7-EDC4E8A48C1C}.Release|Any CPU.Build.0 = Release|Any CPU
	EndGlobalSection
	GlobalSection(SolutionProperties) = preSolution
		HideSolutionNode = FALSE
	EndGlobalSection
	GlobalSection(ExtensibilityGlobals) = postSolution
		SolutionGuid = {B3754757-8F1B-4FD8-9210-2B434C1A7657}
	EndGlobalSection
EndGlobal
